<?xml version="1.0" encoding="utf-8"?>
<Project xmlns="http://schemas.microsoft.com/developer/msbuild/2003">
  <ItemGroup>
    <Filter Include="Form Files">
      <UniqueIdentifier>{99349809-55BA-4b9d-BF79-8FDBB0286EB3}</UniqueIdentifier>
      <Extensions>ui</Extensions>
      <ParseFiles>false</ParseFiles>
    </Filter>
    <Filter Include="Form Files">
      <UniqueIdentifier>{99349809-55BA-4b9d-BF79-8FDBB0286EB3}</UniqueIdentifier>
      <Extensions>ui</Extensions>
      <ParseFiles>false</ParseFiles>
    </Filter>
    <Filter Include="Generated Files">
      <UniqueIdentifier>{71ED8ED8-ACB9-4CE9-BBE1-E00B30144E11}</UniqueIdentifier>
      <Extensions>cpp;c;cxx;moc;h;def;odl;idl;res;</Extensions>
    </Filter>
    <Filter Include="Generated Files">
      <UniqueIdentifier>{71ED8ED8-ACB9-4CE9-BBE1-E00B30144E11}</UniqueIdentifier>
      <Extensions>cpp;c;cxx;moc;h;def;odl;idl;res;</Extensions>
    </Filter>
    <Filter Include="Header Files">
      <UniqueIdentifier>{93995380-89BD-4b04-88EB-625FBE52EBFB}</UniqueIdentifier>
      <Extensions>h;hpp;hxx;hm;inl;inc;xsd</Extensions>
    </Filter>
    <Filter Include="Header Files">
      <UniqueIdentifier>{93995380-89BD-4b04-88EB-625FBE52EBFB}</UniqueIdentifier>
      <Extensions>h;hpp;hxx;hm;inl;inc;xsd</Extensions>
    </Filter>
    <Filter Include="Source Files">
      <UniqueIdentifier>{4FC737F1-C7A5-4376-A066-2A32D752A2FF}</UniqueIdentifier>
      <Extensions>cpp;c;cxx;def;odl;idl;hpj;bat;asm;asmx</Extensions>
    </Filter>
    <Filter Include="Source Files">
      <UniqueIdentifier>{4FC737F1-C7A5-4376-A066-2A32D752A2FF}</UniqueIdentifier>
      <Extensions>cpp;c;cxx;def;odl;idl;hpj;bat;asm;asmx</Extensions>
    </Filter>
  </ItemGroup>
  <ItemGroup>
    <ClCompile Include="AvgSpec.cpp">
      <Filter>Source Files</Filter>
    </ClCompile>
    <ClCompile Include="PassSpec.cpp">
      <Filter>Source Files</Filter>
    </ClCompile>
    <ClCompile Include="Spec.cpp">
      <Filter>Source Files</Filter>
    </ClCompile>
    <ClCompile Include="SpecDatabase.cpp">
      <Filter>Source Files</Filter>
    </ClCompile>
    <ClCompile Include="UserSpec.cpp">
      <Filter>Source Files</Filter>
    </ClCompile>
    <ClCompile Include="apply.cpp">
      <Filter>Source Files</Filter>
    </ClCompile>
    <ClCompile Include="companyinfo.cpp">
      <Filter>Source Files</Filter>
    </ClCompile>
    <ClCompile Include="main.cpp">
      <Filter>Source Files</Filter>
    </ClCompile>
    <ClCompile Include="mainwindow.cpp">
      <Filter>Source Files</Filter>
    </ClCompile>
    <ClCompile Include="managingspec.cpp">
      <Filter>Source Files</Filter>
    </ClCompile>
    <ClCompile Include="menu.cpp">
      <Filter>Source Files</Filter>
    </ClCompile>
    <ClCompile Include="personalinfo.cpp">
      <Filter>Source Files</Filter>
    </ClCompile>
    <ClCompile Include="recommendation.cpp">
      <Filter>Source Files</Filter>
    </ClCompile>
    <ClCompile Include="signup.cpp">
      <Filter>Source Files</Filter>
    </ClCompile>
  </ItemGroup>
  <ItemGroup>
    <ClInclude Include="AvgSpec.h">
      <Filter>Header Files</Filter>
    </ClInclude>
    <ClInclude Include="PassSpec.h">
      <Filter>Header Files</Filter>
    </ClInclude>
    <ClInclude Include="Spec.h">
      <Filter>Header Files</Filter>
    </ClInclude>
    <ClInclude Include="SpecDatabase.h">
      <Filter>Header Files</Filter>
    </ClInclude>
    <ClInclude Include="UserSpec.h">
      <Filter>Header Files</Filter>
    </ClInclude>
    <QtMoc Include="apply.h">
      <Filter>Header Files</Filter>
    </QtMoc>
    <QtMoc Include="companyinfo.h">
      <Filter>Header Files</Filter>
    </QtMoc>
    <QtMoc Include="mainwindow.h">
      <Filter>Header Files</Filter>
    </QtMoc>
    <QtMoc Include="managingspec.h">
      <Filter>Header Files</Filter>
    </QtMoc>
    <QtMoc Include="menu.h">
      <Filter>Header Files</Filter>
    </QtMoc>
    <QtMoc Include="personalinfo.h">
      <Filter>Header Files</Filter>
    </QtMoc>
    <QtMoc Include="recommendation.h">
      <Filter>Header Files</Filter>
    </QtMoc>
    <QtMoc Include="signup.h">
      <Filter>Header Files</Filter>
    </QtMoc>
  </ItemGroup>
  <ItemGroup>
    
    
    
    
    
    
    
    
    
    
    
    
    <CustomBuild Include="debug\moc_predefs.h.cbt">
      <Filter>Generated Files</Filter>
    </CustomBuild>
    <CustomBuild Include="release\moc_predefs.h.cbt">
      <Filter>Generated Files</Filter>
    </CustomBuild>
    
    
    
    
    <ClInclude Include="ui_apply.h">
      <Filter>Generated Files</Filter>
    </ClInclude>
    <ClInclude Include="ui_companyinfo.h">
      <Filter>Generated Files</Filter>
    </ClInclude>
    <ClInclude Include="ui_mainwindow.h">
      <Filter>Generated Files</Filter>
    </ClInclude>
    <ClInclude Include="ui_managingspec.h">
      <Filter>Generated Files</Filter>
    </ClInclude>
    <ClInclude Include="ui_menu.h">
      <Filter>Generated Files</Filter>
    </ClInclude>
    <ClInclude Include="ui_personalinfo.h">
      <Filter>Generated Files</Filter>
    </ClInclude>
    <ClInclude Include="ui_recommendation.h">
      <Filter>Generated Files</Filter>
    </ClInclude>
    <ClInclude Include="ui_signup.h">
      <Filter>Generated Files</Filter>
    </ClInclude>
  </ItemGroup>
  <ItemGroup>
    <QtUic Include="apply.ui">
      <Filter>Form Files</Filter>
    </QtUic>
    <QtUic Include="companyinfo.ui">
      <Filter>Form Files</Filter>
    </QtUic>
    <QtUic Include="mainwindow.ui">
      <Filter>Form Files</Filter>
    </QtUic>
    <QtUic Include="managingspec.ui">
      <Filter>Form Files</Filter>
    </QtUic>
    <QtUic Include="menu.ui">
      <Filter>Form Files</Filter>
    </QtUic>
    <QtUic Include="personalinfo.ui">
      <Filter>Form Files</Filter>
    </QtUic>
    <QtUic Include="recommendation.ui">
      <Filter>Form Files</Filter>
    </QtUic>
    <QtUic Include="signup.ui">
      <Filter>Form Files</Filter>
    </QtUic>
  </ItemGroup>
</Project>